# This file is automatically @generated by Cargo.
# It is not intended for manual editing.
version = 4

[[package]]
name = "downcast-rs"
version = "2.0.2"
source = "registry+https://github.com/rust-lang/crates.io-index"
checksum = "117240f60069e65410b3ae1bb213295bd828f707b5bec6596a1afc8793ce0cbc"

[[package]]
name = "draft"
version = "0.1.0"
dependencies = [
 "downcast-rs",
 "draft_core",
]

[[package]]
name = "draft_arena"
version = "0.1.0"

[[package]]
name = "draft_core"
version = "0.1.0"
dependencies = [
 "draft_arena",
]
