# This file is automatically @generated by Cargo.
# It is not intended for manual editing.
version = 4

[[package]]
name = "draft"
version = "0.1.0"

[[package]]
name = "draft_graphics"
version = "0.1.0"

[[package]]
name = "draft_image"
version = "0.1.0"

[[package]]
name = "draft_material"
version = "0.1.0"

[[package]]
name = "draft_mesh"
version = "0.1.0"

[[package]]
name = "draft_render"
version = "0.1.0"
